
Microsoft Visual Studio Solution File, Format Version 12.00
# Visual Studio 15
VisualStudioVersion = 15.0.27004.2006
MinimumVisualStudioVersion = 10.0.40219.1
Project("{FAE04EC0-301F-11D3-BF4B-00C04F79EFBC}") = "WorldExtenderWebAPI", "WorldExtenderWebAPI\WorldExtenderWebAPI.csproj", "{595AA229-B83F-4C44-9DAE-47226D0AA9DF}"
EndProject
Global
	GlobalSection(SolutionConfigurationPlatforms) = preSolution
		Debug|Any CPU = Debug|Any CPU
		Release|Any CPU = Release|Any CPU
	EndGlobalSection
	GlobalSection(ProjectConfigurationPlatforms) = postSolution
		{595AA229-B83F-4C44-9DAE-47226D0AA9DF}.Debug|Any CPU.ActiveCfg = Debug|Any CPU
		{595AA229-B83F-4C44-9DAE-47226D0AA9DF}.Debug|Any CPU.Build.0 = Debug|Any CPU
		{595AA229-B83F-4C44-9DAE-47226D0AA9DF}.Release|Any CPU.ActiveCfg = Release|Any CPU
		{595AA229-B83F-4C44-9DAE-47226D0AA9DF}.Release|Any CPU.Build.0 = Release|Any CPU
	EndGlobalSection
	GlobalSection(SolutionProperties) = preSolution
		HideSolutionNode = FALSE
	EndGlobalSection
	GlobalSection(ExtensibilityGlobals) = postSolution
		SolutionGuid = {F349EE12-927B-41A0-9949-51F8833C739A}
	EndGlobalSection
EndGlobal
